// !$*UTF8*$!
{
	archiveVersion = 1;
	classes = {
	};
	objectVersion = 50;
	objects = {

/* Begin PBXBuildFile section */
		2F47BCF725222B62005AEE3C /* UserDefaultChecker.swift in Sources */ = {isa = PBXBuildFile; fileRef = 2F47BCF625222B62005AEE3C /* UserDefaultChecker.swift */; };
		5614E96F251E210700B3CA27 /* DeviceItem.swift in Sources */ = {isa = PBXBuildFile; fileRef = 5614E96E251E210700B3CA27 /* DeviceItem.swift */; };
		5643646B2525A29300905271 /* LightViewModelTests.swift in Sources */ = {isa = PBXBuildFile; fileRef = 5643646A2525A29300905271 /* LightViewModelTests.swift */; };
		564364712525A2A100905271 /* LightRepositoryTests.swift in Sources */ = {isa = PBXBuildFile; fileRef = 564364702525A2A100905271 /* LightRepositoryTests.swift */; };
		564364752525A2B500905271 /* MockLightRepository.swift in Sources */ = {isa = PBXBuildFile; fileRef = 564364742525A2B500905271 /* MockLightRepository.swift */; };
		56437A3925247A5A00CD5C44 /* FiltersRepository.swift in Sources */ = {isa = PBXBuildFile; fileRef = 56437A3825247A5A00CD5C44 /* FiltersRepository.swift */; };
		56437A422524FB1700CD5C44 /* MockDataBaseStack.swift in Sources */ = {isa = PBXBuildFile; fileRef = 56437A412524FB1700CD5C44 /* MockDataBaseStack.swift */; };
		56437A4A2524FB6600CD5C44 /* DataBaseManager.swift in Sources */ = {isa = PBXBuildFile; fileRef = 56437A492524FB6600CD5C44 /* DataBaseManager.swift */; };
		56437A7025251EBD00CD5C44 /* HomeViewModelTest.swift in Sources */ = {isa = PBXBuildFile; fileRef = 56437A6F25251EBD00CD5C44 /* HomeViewModelTest.swift */; };
		56437A762525216E00CD5C44 /* HomeRepositoryTests.swift in Sources */ = {isa = PBXBuildFile; fileRef = 56437A752525216E00CD5C44 /* HomeRepositoryTests.swift */; };
		56437A7A2525250900CD5C44 /* MockHomeRepository.swift in Sources */ = {isa = PBXBuildFile; fileRef = 56437A792525250900CD5C44 /* MockHomeRepository.swift */; };
		5686A2312520B77A00176D70 /* ProfileRepository.swift in Sources */ = {isa = PBXBuildFile; fileRef = 5686A2302520B77A00176D70 /* ProfileRepository.swift */; };
		5686A2362520B7ED00176D70 /* ProductType.swift in Sources */ = {isa = PBXBuildFile; fileRef = 5686A2352520B7ED00176D70 /* ProductType.swift */; };
		5686A23B2520B84300176D70 /* UserItem.swift in Sources */ = {isa = PBXBuildFile; fileRef = 5686A23A2520B84300176D70 /* UserItem.swift */; };
		569581282521C8F9005EACA7 /* IntensityFilterTableViewCell.swift in Sources */ = {isa = PBXBuildFile; fileRef = 569581272521C8F9005EACA7 /* IntensityFilterTableViewCell.swift */; };
		5695812D2521C914005EACA7 /* ModeFilterTableViewCell.swift in Sources */ = {isa = PBXBuildFile; fileRef = 5695812C2521C914005EACA7 /* ModeFilterTableViewCell.swift */; };
		569581322521C921005EACA7 /* ProductTypeFilterTableViewCell.swift in Sources */ = {isa = PBXBuildFile; fileRef = 569581312521C921005EACA7 /* ProductTypeFilterTableViewCell.swift */; };
		569581372521C92D005EACA7 /* PositionFilterTableViewCell.swift in Sources */ = {isa = PBXBuildFile; fileRef = 569581362521C92D005EACA7 /* PositionFilterTableViewCell.swift */; };
		5695813C2521C94F005EACA7 /* TemperatureFilterTableViewCell.swift in Sources */ = {isa = PBXBuildFile; fileRef = 5695813B2521C94F005EACA7 /* TemperatureFilterTableViewCell.swift */; };
		5695814B2521F5B8005EACA7 /* View+AutoLayoutAnchor.swift in Sources */ = {isa = PBXBuildFile; fileRef = 5695814A2521F5B8005EACA7 /* View+AutoLayoutAnchor.swift */; };
		56AFCF8E25223DAB00CF2B4B /* HomeCellViewModel.swift in Sources */ = {isa = PBXBuildFile; fileRef = 56AFCF8D25223DAB00CF2B4B /* HomeCellViewModel.swift */; };
		56D7DFE4251C903400DD5B37 /* AppDelegate.swift in Sources */ = {isa = PBXBuildFile; fileRef = 56D7DFE3251C903400DD5B37 /* AppDelegate.swift */; };
		56D7DFEE251C903400DD5B37 /* HomeConnect.xcdatamodeld in Sources */ = {isa = PBXBuildFile; fileRef = 56D7DFEC251C903400DD5B37 /* HomeConnect.xcdatamodeld */; };
		56D7DFF0251C903500DD5B37 /* Assets.xcassets in Resources */ = {isa = PBXBuildFile; fileRef = 56D7DFEF251C903500DD5B37 /* Assets.xcassets */; };
		56D7DFF3251C903500DD5B37 /* LaunchScreen.storyboard in Resources */ = {isa = PBXBuildFile; fileRef = 56D7DFF1251C903500DD5B37 /* LaunchScreen.storyboard */; };
		56D7E038251C97B900DD5B37 /* Context.swift in Sources */ = {isa = PBXBuildFile; fileRef = 56D7E037251C97B900DD5B37 /* Context.swift */; };
		56D7E043251C97CD00DD5B37 /* AppCoordinator.swift in Sources */ = {isa = PBXBuildFile; fileRef = 56D7E042251C97CD00DD5B37 /* AppCoordinator.swift */; };
		56D7E05E251C9B4E00DD5B37 /* Screens.swift in Sources */ = {isa = PBXBuildFile; fileRef = 56D7E05D251C9B4E00DD5B37 /* Screens.swift */; };
		56D7E066251C9B7300DD5B37 /* HomeCoordinator.swift in Sources */ = {isa = PBXBuildFile; fileRef = 56D7E065251C9B7300DD5B37 /* HomeCoordinator.swift */; };
		56D7E06D251C9BF000DD5B37 /* HTTPClient.swift in Sources */ = {isa = PBXBuildFile; fileRef = 56D7E06C251C9BF000DD5B37 /* HTTPClient.swift */; };
		56D7E075251C9BFF00DD5B37 /* HTTPEngine.swift in Sources */ = {isa = PBXBuildFile; fileRef = 56D7E074251C9BFF00DD5B37 /* HTTPEngine.swift */; };
		56D7E07A251C9C1600DD5B37 /* RequestCancellationToken.swift in Sources */ = {isa = PBXBuildFile; fileRef = 56D7E079251C9C1600DD5B37 /* RequestCancellationToken.swift */; };
		56D7E07F251C9CF700DD5B37 /* HomeViewController.swift in Sources */ = {isa = PBXBuildFile; fileRef = 56D7E07E251C9CF700DD5B37 /* HomeViewController.swift */; };
		56D7E087251C9D0C00DD5B37 /* LightViewController.swift in Sources */ = {isa = PBXBuildFile; fileRef = 56D7E086251C9D0C00DD5B37 /* LightViewController.swift */; };
		56D7E08C251C9D1900DD5B37 /* RollerShutterViewController.swift in Sources */ = {isa = PBXBuildFile; fileRef = 56D7E08B251C9D1900DD5B37 /* RollerShutterViewController.swift */; };
		56D7E091251C9D2200DD5B37 /* HeaterViewController.swift in Sources */ = {isa = PBXBuildFile; fileRef = 56D7E090251C9D2200DD5B37 /* HeaterViewController.swift */; };
		56D7E096251C9D2E00DD5B37 /* FiltersViewController.swift in Sources */ = {isa = PBXBuildFile; fileRef = 56D7E095251C9D2E00DD5B37 /* FiltersViewController.swift */; };
		56D7E09B251C9D3D00DD5B37 /* ProfileViewController.swift in Sources */ = {isa = PBXBuildFile; fileRef = 56D7E09A251C9D3D00DD5B37 /* ProfileViewController.swift */; };
		56D7E0A0251C9D5400DD5B37 /* HomeViewModel.swift in Sources */ = {isa = PBXBuildFile; fileRef = 56D7E09F251C9D5400DD5B37 /* HomeViewModel.swift */; };
		56D7E0A5251C9D5D00DD5B37 /* LightViewModel.swift in Sources */ = {isa = PBXBuildFile; fileRef = 56D7E0A4251C9D5D00DD5B37 /* LightViewModel.swift */; };
		56D7E0B2251C9D7E00DD5B37 /* RollerShutterViewModel.swift in Sources */ = {isa = PBXBuildFile; fileRef = 56D7E0B1251C9D7E00DD5B37 /* RollerShutterViewModel.swift */; };
		56D7E0B7251C9D8700DD5B37 /* HeaterViewModel.swift in Sources */ = {isa = PBXBuildFile; fileRef = 56D7E0B6251C9D8700DD5B37 /* HeaterViewModel.swift */; };
		56D7E0BC251C9D9300DD5B37 /* FiltersViewModel.swift in Sources */ = {isa = PBXBuildFile; fileRef = 56D7E0BB251C9D9300DD5B37 /* FiltersViewModel.swift */; };
		56D7E0C1251C9D9B00DD5B37 /* ProfileViewModel.swift in Sources */ = {isa = PBXBuildFile; fileRef = 56D7E0C0251C9D9B00DD5B37 /* ProfileViewModel.swift */; };
		56D7E0E8251CC7AA00DD5B37 /* HomeCollectionViewCell.swift in Sources */ = {isa = PBXBuildFile; fileRef = 56D7E0E7251CC7AA00DD5B37 /* HomeCollectionViewCell.swift */; };
		56D7E0F0251CEBC900DD5B37 /* HomeDataSource.swift in Sources */ = {isa = PBXBuildFile; fileRef = 56D7E0EF251CEBC900DD5B37 /* HomeDataSource.swift */; };
		56D7E101251DC27700DD5B37 /* MockHTTPClient.swift in Sources */ = {isa = PBXBuildFile; fileRef = 56D7E100251DC27700DD5B37 /* MockHTTPClient.swift */; };
		56D7E112251DC9F200DD5B37 /* HomeRepository.swift in Sources */ = {isa = PBXBuildFile; fileRef = 56D7E111251DC9F200DD5B37 /* HomeRepository.swift */; };
		56D7E118251DCAA100DD5B37 /* NetworkModel.swift in Sources */ = {isa = PBXBuildFile; fileRef = 56D7E117251DCAA100DD5B37 /* NetworkModel.swift */; };
		56D7E124251DCFB900DD5B37 /* Alert.swift in Sources */ = {isa = PBXBuildFile; fileRef = 56D7E123251DCFB900DD5B37 /* Alert.swift */; };
		56D7E134251DF9F100DD5B37 /* DatabaseStack.swift in Sources */ = {isa = PBXBuildFile; fileRef = 56D7E133251DF9F100DD5B37 /* DatabaseStack.swift */; };
		56D7E139251DF9FF00DD5B37 /* DatabaseManager.swift in Sources */ = {isa = PBXBuildFile; fileRef = 56D7E138251DF9FF00DD5B37 /* DatabaseManager.swift */; };
		56DA60B425230C5F0005F7CE /* LightRepository.swift in Sources */ = {isa = PBXBuildFile; fileRef = 56DA60B325230C5F0005F7CE /* LightRepository.swift */; };
		56DA60B925230C6D0005F7CE /* RollerShutterRepository.swift in Sources */ = {isa = PBXBuildFile; fileRef = 56DA60B825230C6D0005F7CE /* RollerShutterRepository.swift */; };
		56DA60BE25230C780005F7CE /* HeaterRepository.swift in Sources */ = {isa = PBXBuildFile; fileRef = 56DA60BD25230C780005F7CE /* HeaterRepository.swift */; };
		56DA60E025237F140005F7CE /* UpdateProfileViewController.swift in Sources */ = {isa = PBXBuildFile; fileRef = 56DA60DF25237F140005F7CE /* UpdateProfileViewController.swift */; };
		56DA60E825237F200005F7CE /* UpdateProfileViewModel.swift in Sources */ = {isa = PBXBuildFile; fileRef = 56DA60E725237F200005F7CE /* UpdateProfileViewModel.swift */; };
		56DA60ED25237F2F0005F7CE /* UpdateProfileRepository.swift in Sources */ = {isa = PBXBuildFile; fileRef = 56DA60EC25237F2F0005F7CE /* UpdateProfileRepository.swift */; };
		56DA60F22523C00D0005F7CE /* UpdateProfileDataSource.swift in Sources */ = {isa = PBXBuildFile; fileRef = 56DA60F12523C00D0005F7CE /* UpdateProfileDataSource.swift */; };
		56DA60F72523C1340005F7CE /* UpdateProfileTableViewCell.swift in Sources */ = {isa = PBXBuildFile; fileRef = 56DA60F62523C1340005F7CE /* UpdateProfileTableViewCell.swift */; };
		56DA60FC2523C1E00005F7CE /* UpdateProfileCellViewModel.swift in Sources */ = {isa = PBXBuildFile; fileRef = 56DA60FB2523C1E00005F7CE /* UpdateProfileCellViewModel.swift */; };
/* End PBXBuildFile section */

/* Begin PBXContainerItemProxy section */
		56D7DFFA251C903500DD5B37 /* PBXContainerItemProxy */ = {
			isa = PBXContainerItemProxy;
			containerPortal = 56D7DFD8251C903400DD5B37 /* Project object */;
			proxyType = 1;
			remoteGlobalIDString = 56D7DFDF251C903400DD5B37;
			remoteInfo = HomeConnect;
		};
/* End PBXContainerItemProxy section */

/* Begin PBXFileReference section */
		2F47BCF625222B62005AEE3C /* UserDefaultChecker.swift */ = {isa = PBXFileReference; lastKnownFileType = sourcecode.swift; path = UserDefaultChecker.swift; sourceTree = "<group>"; };
		5614E96E251E210700B3CA27 /* DeviceItem.swift */ = {isa = PBXFileReference; lastKnownFileType = sourcecode.swift; path = DeviceItem.swift; sourceTree = "<group>"; };
		5643646A2525A29300905271 /* LightViewModelTests.swift */ = {isa = PBXFileReference; lastKnownFileType = sourcecode.swift; path = LightViewModelTests.swift; sourceTree = "<group>"; };
		564364702525A2A100905271 /* LightRepositoryTests.swift */ = {isa = PBXFileReference; lastKnownFileType = sourcecode.swift; path = LightRepositoryTests.swift; sourceTree = "<group>"; };
		564364742525A2B500905271 /* MockLightRepository.swift */ = {isa = PBXFileReference; lastKnownFileType = sourcecode.swift; path = MockLightRepository.swift; sourceTree = "<group>"; };
		56437A3825247A5A00CD5C44 /* FiltersRepository.swift */ = {isa = PBXFileReference; lastKnownFileType = sourcecode.swift; path = FiltersRepository.swift; sourceTree = "<group>"; };
		56437A412524FB1700CD5C44 /* MockDataBaseStack.swift */ = {isa = PBXFileReference; lastKnownFileType = sourcecode.swift; path = MockDataBaseStack.swift; sourceTree = "<group>"; };
		56437A492524FB6600CD5C44 /* DataBaseManager.swift */ = {isa = PBXFileReference; lastKnownFileType = sourcecode.swift; path = DataBaseManager.swift; sourceTree = "<group>"; };
		56437A6F25251EBD00CD5C44 /* HomeViewModelTest.swift */ = {isa = PBXFileReference; lastKnownFileType = sourcecode.swift; path = HomeViewModelTest.swift; sourceTree = "<group>"; };
		56437A752525216E00CD5C44 /* HomeRepositoryTests.swift */ = {isa = PBXFileReference; lastKnownFileType = sourcecode.swift; path = HomeRepositoryTests.swift; sourceTree = "<group>"; };
		56437A792525250900CD5C44 /* MockHomeRepository.swift */ = {isa = PBXFileReference; lastKnownFileType = sourcecode.swift; path = MockHomeRepository.swift; sourceTree = "<group>"; };
		5686A2302520B77A00176D70 /* ProfileRepository.swift */ = {isa = PBXFileReference; lastKnownFileType = sourcecode.swift; path = ProfileRepository.swift; sourceTree = "<group>"; };
		5686A2352520B7ED00176D70 /* ProductType.swift */ = {isa = PBXFileReference; lastKnownFileType = sourcecode.swift; path = ProductType.swift; sourceTree = "<group>"; };
		5686A23A2520B84300176D70 /* UserItem.swift */ = {isa = PBXFileReference; lastKnownFileType = sourcecode.swift; path = UserItem.swift; sourceTree = "<group>"; };
		569581272521C8F9005EACA7 /* IntensityFilterTableViewCell.swift */ = {isa = PBXFileReference; lastKnownFileType = sourcecode.swift; path = IntensityFilterTableViewCell.swift; sourceTree = "<group>"; };
		5695812C2521C914005EACA7 /* ModeFilterTableViewCell.swift */ = {isa = PBXFileReference; lastKnownFileType = sourcecode.swift; path = ModeFilterTableViewCell.swift; sourceTree = "<group>"; };
		569581312521C921005EACA7 /* ProductTypeFilterTableViewCell.swift */ = {isa = PBXFileReference; lastKnownFileType = sourcecode.swift; path = ProductTypeFilterTableViewCell.swift; sourceTree = "<group>"; };
		569581362521C92D005EACA7 /* PositionFilterTableViewCell.swift */ = {isa = PBXFileReference; lastKnownFileType = sourcecode.swift; path = PositionFilterTableViewCell.swift; sourceTree = "<group>"; };
		5695813B2521C94F005EACA7 /* TemperatureFilterTableViewCell.swift */ = {isa = PBXFileReference; lastKnownFileType = sourcecode.swift; path = TemperatureFilterTableViewCell.swift; sourceTree = "<group>"; };
		5695814A2521F5B8005EACA7 /* View+AutoLayoutAnchor.swift */ = {isa = PBXFileReference; lastKnownFileType = sourcecode.swift; path = "View+AutoLayoutAnchor.swift"; sourceTree = "<group>"; };
		56AFCF8D25223DAB00CF2B4B /* HomeCellViewModel.swift */ = {isa = PBXFileReference; lastKnownFileType = sourcecode.swift; path = HomeCellViewModel.swift; sourceTree = "<group>"; };
		56D7DFE0251C903400DD5B37 /* HomeConnect.app */ = {isa = PBXFileReference; explicitFileType = wrapper.application; includeInIndex = 0; path = HomeConnect.app; sourceTree = BUILT_PRODUCTS_DIR; };
		56D7DFE3251C903400DD5B37 /* AppDelegate.swift */ = {isa = PBXFileReference; lastKnownFileType = sourcecode.swift; path = AppDelegate.swift; sourceTree = "<group>"; };
		56D7DFED251C903400DD5B37 /* HomeConnect.xcdatamodel */ = {isa = PBXFileReference; lastKnownFileType = wrapper.xcdatamodel; path = HomeConnect.xcdatamodel; sourceTree = "<group>"; };
		56D7DFEF251C903500DD5B37 /* Assets.xcassets */ = {isa = PBXFileReference; lastKnownFileType = folder.assetcatalog; path = Assets.xcassets; sourceTree = "<group>"; };
		56D7DFF2251C903500DD5B37 /* Base */ = {isa = PBXFileReference; lastKnownFileType = file.storyboard; name = Base; path = Base.lproj/LaunchScreen.storyboard; sourceTree = "<group>"; };
		56D7DFF4251C903500DD5B37 /* Info.plist */ = {isa = PBXFileReference; lastKnownFileType = text.plist.xml; path = Info.plist; sourceTree = "<group>"; };
		56D7DFF9251C903500DD5B37 /* HomeConnectTests.xctest */ = {isa = PBXFileReference; explicitFileType = wrapper.cfbundle; includeInIndex = 0; path = HomeConnectTests.xctest; sourceTree = BUILT_PRODUCTS_DIR; };
		56D7DFFF251C903500DD5B37 /* Info.plist */ = {isa = PBXFileReference; lastKnownFileType = text.plist.xml; path = Info.plist; sourceTree = "<group>"; };
		56D7E037251C97B900DD5B37 /* Context.swift */ = {isa = PBXFileReference; lastKnownFileType = sourcecode.swift; path = Context.swift; sourceTree = "<group>"; };
		56D7E042251C97CD00DD5B37 /* AppCoordinator.swift */ = {isa = PBXFileReference; lastKnownFileType = sourcecode.swift; path = AppCoordinator.swift; sourceTree = "<group>"; };
		56D7E05D251C9B4E00DD5B37 /* Screens.swift */ = {isa = PBXFileReference; lastKnownFileType = sourcecode.swift; path = Screens.swift; sourceTree = "<group>"; };
		56D7E065251C9B7300DD5B37 /* HomeCoordinator.swift */ = {isa = PBXFileReference; lastKnownFileType = sourcecode.swift; path = HomeCoordinator.swift; sourceTree = "<group>"; };
		56D7E06C251C9BF000DD5B37 /* HTTPClient.swift */ = {isa = PBXFileReference; lastKnownFileType = sourcecode.swift; path = HTTPClient.swift; sourceTree = "<group>"; };
		56D7E074251C9BFF00DD5B37 /* HTTPEngine.swift */ = {isa = PBXFileReference; lastKnownFileType = sourcecode.swift; path = HTTPEngine.swift; sourceTree = "<group>"; };
		56D7E079251C9C1600DD5B37 /* RequestCancellationToken.swift */ = {isa = PBXFileReference; lastKnownFileType = sourcecode.swift; path = RequestCancellationToken.swift; sourceTree = "<group>"; };
		56D7E07E251C9CF700DD5B37 /* HomeViewController.swift */ = {isa = PBXFileReference; lastKnownFileType = sourcecode.swift; path = HomeViewController.swift; sourceTree = "<group>"; };
		56D7E086251C9D0C00DD5B37 /* LightViewController.swift */ = {isa = PBXFileReference; lastKnownFileType = sourcecode.swift; path = LightViewController.swift; sourceTree = "<group>"; };
		56D7E08B251C9D1900DD5B37 /* RollerShutterViewController.swift */ = {isa = PBXFileReference; lastKnownFileType = sourcecode.swift; path = RollerShutterViewController.swift; sourceTree = "<group>"; };
		56D7E090251C9D2200DD5B37 /* HeaterViewController.swift */ = {isa = PBXFileReference; lastKnownFileType = sourcecode.swift; path = HeaterViewController.swift; sourceTree = "<group>"; };
		56D7E095251C9D2E00DD5B37 /* FiltersViewController.swift */ = {isa = PBXFileReference; lastKnownFileType = sourcecode.swift; path = FiltersViewController.swift; sourceTree = "<group>"; };
		56D7E09A251C9D3D00DD5B37 /* ProfileViewController.swift */ = {isa = PBXFileReference; lastKnownFileType = sourcecode.swift; path = ProfileViewController.swift; sourceTree = "<group>"; };
		56D7E09F251C9D5400DD5B37 /* HomeViewModel.swift */ = {isa = PBXFileReference; lastKnownFileType = sourcecode.swift; path = HomeViewModel.swift; sourceTree = "<group>"; };
		56D7E0A4251C9D5D00DD5B37 /* LightViewModel.swift */ = {isa = PBXFileReference; lastKnownFileType = sourcecode.swift; path = LightViewModel.swift; sourceTree = "<group>"; };
		56D7E0B1251C9D7E00DD5B37 /* RollerShutterViewModel.swift */ = {isa = PBXFileReference; lastKnownFileType = sourcecode.swift; path = RollerShutterViewModel.swift; sourceTree = "<group>"; };
		56D7E0B6251C9D8700DD5B37 /* HeaterViewModel.swift */ = {isa = PBXFileReference; lastKnownFileType = sourcecode.swift; path = HeaterViewModel.swift; sourceTree = "<group>"; };
		56D7E0BB251C9D9300DD5B37 /* FiltersViewModel.swift */ = {isa = PBXFileReference; lastKnownFileType = sourcecode.swift; path = FiltersViewModel.swift; sourceTree = "<group>"; };
		56D7E0C0251C9D9B00DD5B37 /* ProfileViewModel.swift */ = {isa = PBXFileReference; lastKnownFileType = sourcecode.swift; path = ProfileViewModel.swift; sourceTree = "<group>"; };
		56D7E0E7251CC7AA00DD5B37 /* HomeCollectionViewCell.swift */ = {isa = PBXFileReference; lastKnownFileType = sourcecode.swift; path = HomeCollectionViewCell.swift; sourceTree = "<group>"; };
		56D7E0EF251CEBC900DD5B37 /* HomeDataSource.swift */ = {isa = PBXFileReference; lastKnownFileType = sourcecode.swift; path = HomeDataSource.swift; sourceTree = "<group>"; };
		56D7E0FF251DC27700DD5B37 /* HomeConnectTests-Bridging-Header.h */ = {isa = PBXFileReference; lastKnownFileType = sourcecode.c.h; path = "HomeConnectTests-Bridging-Header.h"; sourceTree = "<group>"; };
		56D7E100251DC27700DD5B37 /* MockHTTPClient.swift */ = {isa = PBXFileReference; lastKnownFileType = sourcecode.swift; path = MockHTTPClient.swift; sourceTree = "<group>"; };
		56D7E111251DC9F200DD5B37 /* HomeRepository.swift */ = {isa = PBXFileReference; lastKnownFileType = sourcecode.swift; path = HomeRepository.swift; sourceTree = "<group>"; };
		56D7E117251DCAA100DD5B37 /* NetworkModel.swift */ = {isa = PBXFileReference; lastKnownFileType = sourcecode.swift; path = NetworkModel.swift; sourceTree = "<group>"; };
		56D7E123251DCFB900DD5B37 /* Alert.swift */ = {isa = PBXFileReference; lastKnownFileType = sourcecode.swift; path = Alert.swift; sourceTree = "<group>"; };
		56D7E133251DF9F100DD5B37 /* DatabaseStack.swift */ = {isa = PBXFileReference; lastKnownFileType = sourcecode.swift; path = DatabaseStack.swift; sourceTree = "<group>"; };
		56D7E138251DF9FF00DD5B37 /* DatabaseManager.swift */ = {isa = PBXFileReference; lastKnownFileType = sourcecode.swift; path = DatabaseManager.swift; sourceTree = "<group>"; };
		56DA60B325230C5F0005F7CE /* LightRepository.swift */ = {isa = PBXFileReference; lastKnownFileType = sourcecode.swift; path = LightRepository.swift; sourceTree = "<group>"; };
		56DA60B825230C6D0005F7CE /* RollerShutterRepository.swift */ = {isa = PBXFileReference; lastKnownFileType = sourcecode.swift; path = RollerShutterRepository.swift; sourceTree = "<group>"; };
		56DA60BD25230C780005F7CE /* HeaterRepository.swift */ = {isa = PBXFileReference; lastKnownFileType = sourcecode.swift; path = HeaterRepository.swift; sourceTree = "<group>"; };
		56DA60DF25237F140005F7CE /* UpdateProfileViewController.swift */ = {isa = PBXFileReference; lastKnownFileType = sourcecode.swift; path = UpdateProfileViewController.swift; sourceTree = "<group>"; };
		56DA60E725237F200005F7CE /* UpdateProfileViewModel.swift */ = {isa = PBXFileReference; lastKnownFileType = sourcecode.swift; path = UpdateProfileViewModel.swift; sourceTree = "<group>"; };
		56DA60EC25237F2F0005F7CE /* UpdateProfileRepository.swift */ = {isa = PBXFileReference; lastKnownFileType = sourcecode.swift; path = UpdateProfileRepository.swift; sourceTree = "<group>"; };
		56DA60F12523C00D0005F7CE /* UpdateProfileDataSource.swift */ = {isa = PBXFileReference; lastKnownFileType = sourcecode.swift; path = UpdateProfileDataSource.swift; sourceTree = "<group>"; };
		56DA60F62523C1340005F7CE /* UpdateProfileTableViewCell.swift */ = {isa = PBXFileReference; lastKnownFileType = sourcecode.swift; path = UpdateProfileTableViewCell.swift; sourceTree = "<group>"; };
		56DA60FB2523C1E00005F7CE /* UpdateProfileCellViewModel.swift */ = {isa = PBXFileReference; lastKnownFileType = sourcecode.swift; path = UpdateProfileCellViewModel.swift; sourceTree = "<group>"; };
/* End PBXFileReference section */

/* Begin PBXFrameworksBuildPhase section */
		56D7DFDD251C903400DD5B37 /* Frameworks */ = {
			isa = PBXFrameworksBuildPhase;
			buildActionMask = 2147483647;
			files = (
			);
			runOnlyForDeploymentPostprocessing = 0;
		};
		56D7DFF6251C903500DD5B37 /* Frameworks */ = {
			isa = PBXFrameworksBuildPhase;
			buildActionMask = 2147483647;
			files = (
			);
			runOnlyForDeploymentPostprocessing = 0;
		};
/* End PBXFrameworksBuildPhase section */

/* Begin PBXGroup section */
		5614E96D251E20A200B3CA27 /* Model */ = {
			isa = PBXGroup;
			children = (
				5614E96E251E210700B3CA27 /* DeviceItem.swift */,
				5686A2352520B7ED00176D70 /* ProductType.swift */,
				5686A23A2520B84300176D70 /* UserItem.swift */,
			);
			path = Model;
			sourceTree = "<group>";
		};
		5643646125259C8E00905271 /* Devices */ = {
			isa = PBXGroup;
			children = (
				564364692525A26200905271 /* Light */,
				564364682525A26000905271 /* RollerShutter */,
				564364672525A25F00905271 /* Heater */,
			);
			path = Devices;
			sourceTree = "<group>";
		};
		5643646225259C9800905271 /* Profile */ = {
			isa = PBXGroup;
			children = (
			);
			path = Profile;
			sourceTree = "<group>";
		};
		5643646325259C9E00905271 /* Filter */ = {
			isa = PBXGroup;
			children = (
			);
			path = Filter;
			sourceTree = "<group>";
		};
		564364672525A25F00905271 /* Heater */ = {
			isa = PBXGroup;
			children = (
			);
			path = Heater;
			sourceTree = "<group>";
		};
		564364682525A26000905271 /* RollerShutter */ = {
			isa = PBXGroup;
			children = (
			);
			path = RollerShutter;
			sourceTree = "<group>";
		};
		564364692525A26200905271 /* Light */ = {
			isa = PBXGroup;
			children = (
				5643646A2525A29300905271 /* LightViewModelTests.swift */,
				564364702525A2A100905271 /* LightRepositoryTests.swift */,
				564364742525A2B500905271 /* MockLightRepository.swift */,
			);
			path = Light;
			sourceTree = "<group>";
		};
		56437A402524FB0100CD5C44 /* DataBase */ = {
			isa = PBXGroup;
			children = (
				56437A412524FB1700CD5C44 /* MockDataBaseStack.swift */,
				56437A492524FB6600CD5C44 /* DataBaseManager.swift */,
			);
			path = DataBase;
			sourceTree = "<group>";
		};
		56437A6E25251E9700CD5C44 /* Home */ = {
			isa = PBXGroup;
			children = (
				56437A6F25251EBD00CD5C44 /* HomeViewModelTest.swift */,
				56437A752525216E00CD5C44 /* HomeRepositoryTests.swift */,
				56437A792525250900CD5C44 /* MockHomeRepository.swift */,
			);
			path = Home;
			sourceTree = "<group>";
		};
		569581492521F578005EACA7 /* Extensions */ = {
			isa = PBXGroup;
			children = (
				5695814A2521F5B8005EACA7 /* View+AutoLayoutAnchor.swift */,
			);
			path = Extensions;
			sourceTree = "<group>";
		};
		56D7DFD7251C903400DD5B37 = {
			isa = PBXGroup;
			children = (
				56D7DFE2251C903400DD5B37 /* HomeConnect */,
				56D7DFFC251C903500DD5B37 /* HomeConnectTests */,
				56D7DFE1251C903400DD5B37 /* Products */,
			);
			sourceTree = "<group>";
		};
		56D7DFE1251C903400DD5B37 /* Products */ = {
			isa = PBXGroup;
			children = (
				56D7DFE0251C903400DD5B37 /* HomeConnect.app */,
				56D7DFF9251C903500DD5B37 /* HomeConnectTests.xctest */,
			);
			name = Products;
			sourceTree = "<group>";
		};
		56D7DFE2251C903400DD5B37 /* HomeConnect */ = {
			isa = PBXGroup;
			children = (
				56D7E02D251C91C200DD5B37 /* Network */,
				56D7E0D1251CA20600DD5B37 /* Database */,
				56D7E01B251C909700DD5B37 /* Sources */,
				56D7E01C251C909B00DD5B37 /* Ressources */,
			);
			path = HomeConnect;
			sourceTree = "<group>";
		};
		56D7DFFC251C903500DD5B37 /* HomeConnectTests */ = {
			isa = PBXGroup;
			children = (
				56437A6E25251E9700CD5C44 /* Home */,
				5643646225259C9800905271 /* Profile */,
				5643646125259C8E00905271 /* Devices */,
				5643646325259C9E00905271 /* Filter */,
				56437A402524FB0100CD5C44 /* DataBase */,
				56D7E0FE251DC25400DD5B37 /* Network */,
				56D7DFFF251C903500DD5B37 /* Info.plist */,
			);
			path = HomeConnectTests;
			sourceTree = "<group>";
		};
		56D7E01B251C909700DD5B37 /* Sources */ = {
			isa = PBXGroup;
			children = (
				56D7E037251C97B900DD5B37 /* Context.swift */,
				56D7DFE3251C903400DD5B37 /* AppDelegate.swift */,
				56D7E042251C97CD00DD5B37 /* AppCoordinator.swift */,
				56D7E05C251C9AD000DD5B37 /* Screens */,
				5614E96D251E20A200B3CA27 /* Model */,
				56D7E122251DCFA500DD5B37 /* Alert */,
				569581492521F578005EACA7 /* Extensions */,
			);
			path = Sources;
			sourceTree = "<group>";
		};
		56D7E01C251C909B00DD5B37 /* Ressources */ = {
			isa = PBXGroup;
			children = (
				56D7DFF4251C903500DD5B37 /* Info.plist */,
				56D7DFF1251C903500DD5B37 /* LaunchScreen.storyboard */,
				56D7DFEF251C903500DD5B37 /* Assets.xcassets */,
			);
			path = Ressources;
			sourceTree = "<group>";
		};
		56D7E02A251C919800DD5B37 /* Home */ = {
			isa = PBXGroup;
			children = (
				56DA609E252305280005F7CE /* HomeCollectionView */,
				56D7E07E251C9CF700DD5B37 /* HomeViewController.swift */,
				56D7E09F251C9D5400DD5B37 /* HomeViewModel.swift */,
				56D7E111251DC9F200DD5B37 /* HomeRepository.swift */,
				2F47BCF625222B62005AEE3C /* UserDefaultChecker.swift */,
			);
			path = Home;
			sourceTree = "<group>";
		};
		56D7E02B251C91A700DD5B37 /* Profile */ = {
			isa = PBXGroup;
			children = (
				56DA60DE25237EF30005F7CE /* UpdateProfile */,
				56D7E09A251C9D3D00DD5B37 /* ProfileViewController.swift */,
				56D7E0C0251C9D9B00DD5B37 /* ProfileViewModel.swift */,
				5686A2302520B77A00176D70 /* ProfileRepository.swift */,
			);
			path = Profile;
			sourceTree = "<group>";
		};
		56D7E02C251C91AE00DD5B37 /* Filters */ = {
			isa = PBXGroup;
			children = (
				56D7E095251C9D2E00DD5B37 /* FiltersViewController.swift */,
				56D7E0BB251C9D9300DD5B37 /* FiltersViewModel.swift */,
				569581272521C8F9005EACA7 /* IntensityFilterTableViewCell.swift */,
				5695812C2521C914005EACA7 /* ModeFilterTableViewCell.swift */,
				569581312521C921005EACA7 /* ProductTypeFilterTableViewCell.swift */,
				569581362521C92D005EACA7 /* PositionFilterTableViewCell.swift */,
				5695813B2521C94F005EACA7 /* TemperatureFilterTableViewCell.swift */,
				56437A3825247A5A00CD5C44 /* FiltersRepository.swift */,
			);
			path = Filters;
			sourceTree = "<group>";
		};
		56D7E02D251C91C200DD5B37 /* Network */ = {
			isa = PBXGroup;
			children = (
				56D7E116251DCA8300DD5B37 /* NetworkModel */,
				56D7E06C251C9BF000DD5B37 /* HTTPClient.swift */,
				56D7E074251C9BFF00DD5B37 /* HTTPEngine.swift */,
				56D7E079251C9C1600DD5B37 /* RequestCancellationToken.swift */,
			);
			path = Network;
			sourceTree = "<group>";
		};
		56D7E031251C941100DD5B37 /* Light */ = {
			isa = PBXGroup;
			children = (
				56D7E086251C9D0C00DD5B37 /* LightViewController.swift */,
				56D7E0A4251C9D5D00DD5B37 /* LightViewModel.swift */,
				56DA60B325230C5F0005F7CE /* LightRepository.swift */,
			);
			path = Light;
			sourceTree = "<group>";
		};
		56D7E032251C941E00DD5B37 /* RollerShutter */ = {
			isa = PBXGroup;
			children = (
				56D7E08B251C9D1900DD5B37 /* RollerShutterViewController.swift */,
				56D7E0B1251C9D7E00DD5B37 /* RollerShutterViewModel.swift */,
				56DA60B825230C6D0005F7CE /* RollerShutterRepository.swift */,
			);
			path = RollerShutter;
			sourceTree = "<group>";
		};
		56D7E033251C943100DD5B37 /* Heater */ = {
			isa = PBXGroup;
			children = (
				56D7E090251C9D2200DD5B37 /* HeaterViewController.swift */,
				56D7E0B6251C9D8700DD5B37 /* HeaterViewModel.swift */,
				56DA60BD25230C780005F7CE /* HeaterRepository.swift */,
			);
			path = Heater;
			sourceTree = "<group>";
		};
		56D7E034251C944500DD5B37 /* Devices */ = {
			isa = PBXGroup;
			children = (
				56D7E031251C941100DD5B37 /* Light */,
				56D7E032251C941E00DD5B37 /* RollerShutter */,
				56D7E033251C943100DD5B37 /* Heater */,
			);
			path = Devices;
			sourceTree = "<group>";
		};
		56D7E05C251C9AD000DD5B37 /* Screens */ = {
			isa = PBXGroup;
			children = (
				56D7E05D251C9B4E00DD5B37 /* Screens.swift */,
				56D7E065251C9B7300DD5B37 /* HomeCoordinator.swift */,
				56D7E02A251C919800DD5B37 /* Home */,
				56D7E034251C944500DD5B37 /* Devices */,
				56D7E02C251C91AE00DD5B37 /* Filters */,
				56D7E02B251C91A700DD5B37 /* Profile */,
			);
			path = Screens;
			sourceTree = "<group>";
		};
		56D7E0D1251CA20600DD5B37 /* Database */ = {
			isa = PBXGroup;
			children = (
				56D7DFEC251C903400DD5B37 /* HomeConnect.xcdatamodeld */,
				56D7E133251DF9F100DD5B37 /* DatabaseStack.swift */,
				56D7E138251DF9FF00DD5B37 /* DatabaseManager.swift */,
			);
			path = Database;
			sourceTree = "<group>";
		};
		56D7E0FE251DC25400DD5B37 /* Network */ = {
			isa = PBXGroup;
			children = (
				56D7E100251DC27700DD5B37 /* MockHTTPClient.swift */,
				56D7E0FF251DC27700DD5B37 /* HomeConnectTests-Bridging-Header.h */,
			);
			path = Network;
			sourceTree = "<group>";
		};
		56D7E116251DCA8300DD5B37 /* NetworkModel */ = {
			isa = PBXGroup;
			children = (
				56D7E117251DCAA100DD5B37 /* NetworkModel.swift */,
			);
			path = NetworkModel;
			sourceTree = "<group>";
		};
		56D7E122251DCFA500DD5B37 /* Alert */ = {
			isa = PBXGroup;
			children = (
				56D7E123251DCFB900DD5B37 /* Alert.swift */,
			);
			path = Alert;
			sourceTree = "<group>";
		};
		56DA609E252305280005F7CE /* HomeCollectionView */ = {
			isa = PBXGroup;
			children = (
				56AFCF8D25223DAB00CF2B4B /* HomeCellViewModel.swift */,
				56D7E0EF251CEBC900DD5B37 /* HomeDataSource.swift */,
				56D7E0E7251CC7AA00DD5B37 /* HomeCollectionViewCell.swift */,
			);
			path = HomeCollectionView;
			sourceTree = "<group>";
		};
		56DA60DE25237EF30005F7CE /* UpdateProfile */ = {
			isa = PBXGroup;
			children = (
				56DA60DF25237F140005F7CE /* UpdateProfileViewController.swift */,
				56DA60E725237F200005F7CE /* UpdateProfileViewModel.swift */,
				56DA60EC25237F2F0005F7CE /* UpdateProfileRepository.swift */,
				56DA60F12523C00D0005F7CE /* UpdateProfileDataSource.swift */,
				56DA60F62523C1340005F7CE /* UpdateProfileTableViewCell.swift */,
				56DA60FB2523C1E00005F7CE /* UpdateProfileCellViewModel.swift */,
			);
			path = UpdateProfile;
			sourceTree = "<group>";
		};
/* End PBXGroup section */

/* Begin PBXNativeTarget section */
		56D7DFDF251C903400DD5B37 /* HomeConnect */ = {
			isa = PBXNativeTarget;
			buildConfigurationList = 56D7E00D251C903500DD5B37 /* Build configuration list for PBXNativeTarget "HomeConnect" */;
			buildPhases = (
				56D7DFDC251C903400DD5B37 /* Sources */,
				56D7DFDD251C903400DD5B37 /* Frameworks */,
				56D7DFDE251C903400DD5B37 /* Resources */,
				56D7E058251C99A100DD5B37 /* ShellScript */,
			);
			buildRules = (
			);
			dependencies = (
			);
			name = HomeConnect;
			productName = HomeConnect;
			productReference = 56D7DFE0251C903400DD5B37 /* HomeConnect.app */;
			productType = "com.apple.product-type.application";
		};
		56D7DFF8251C903500DD5B37 /* HomeConnectTests */ = {
			isa = PBXNativeTarget;
			buildConfigurationList = 56D7E010251C903500DD5B37 /* Build configuration list for PBXNativeTarget "HomeConnectTests" */;
			buildPhases = (
				56D7DFF5251C903500DD5B37 /* Sources */,
				56D7DFF6251C903500DD5B37 /* Frameworks */,
				56D7DFF7251C903500DD5B37 /* Resources */,
			);
			buildRules = (
			);
			dependencies = (
				56D7DFFB251C903500DD5B37 /* PBXTargetDependency */,
			);
			name = HomeConnectTests;
			productName = HomeConnectTests;
			productReference = 56D7DFF9251C903500DD5B37 /* HomeConnectTests.xctest */;
			productType = "com.apple.product-type.bundle.unit-test";
		};
/* End PBXNativeTarget section */

/* Begin PBXProject section */
		56D7DFD8251C903400DD5B37 /* Project object */ = {
			isa = PBXProject;
			attributes = {
				LastSwiftUpdateCheck = 1200;
				LastUpgradeCheck = 1200;
				TargetAttributes = {
					56D7DFDF251C903400DD5B37 = {
						CreatedOnToolsVersion = 12.0;
					};
					56D7DFF8251C903500DD5B37 = {
						CreatedOnToolsVersion = 12.0;
						LastSwiftMigration = 1200;
						TestTargetID = 56D7DFDF251C903400DD5B37;
					};
				};
			};
			buildConfigurationList = 56D7DFDB251C903400DD5B37 /* Build configuration list for PBXProject "HomeConnect" */;
			compatibilityVersion = "Xcode 9.3";
			developmentRegion = en;
			hasScannedForEncodings = 0;
			knownRegions = (
				en,
				Base,
			);
			mainGroup = 56D7DFD7251C903400DD5B37;
			productRefGroup = 56D7DFE1251C903400DD5B37 /* Products */;
			projectDirPath = "";
			projectRoot = "";
			targets = (
				56D7DFDF251C903400DD5B37 /* HomeConnect */,
				56D7DFF8251C903500DD5B37 /* HomeConnectTests */,
			);
		};
/* End PBXProject section */

/* Begin PBXResourcesBuildPhase section */
		56D7DFDE251C903400DD5B37 /* Resources */ = {
			isa = PBXResourcesBuildPhase;
			buildActionMask = 2147483647;
			files = (
				56D7DFF3251C903500DD5B37 /* LaunchScreen.storyboard in Resources */,
				56D7DFF0251C903500DD5B37 /* Assets.xcassets in Resources */,
			);
			runOnlyForDeploymentPostprocessing = 0;
		};
		56D7DFF7251C903500DD5B37 /* Resources */ = {
			isa = PBXResourcesBuildPhase;
			buildActionMask = 2147483647;
			files = (
			);
			runOnlyForDeploymentPostprocessing = 0;
		};
/* End PBXResourcesBuildPhase section */

/* Begin PBXShellScriptBuildPhase section */
		56D7E058251C99A100DD5B37 /* ShellScript */ = {
			isa = PBXShellScriptBuildPhase;
			buildActionMask = 2147483647;
			files = (
			);
			inputFileListPaths = (
			);
			inputPaths = (
			);
			outputFileListPaths = (
			);
			outputPaths = (
			);
			runOnlyForDeploymentPostprocessing = 0;
			shellPath = /bin/sh;
			shellScript = "if which swiftlint >/dev/null; then\n    swiftlint\nelse\n    echo \"warning: SwiftLint not installed, download from https://github.com/realm/SwiftLint\"\nfi\n";
		};
/* End PBXShellScriptBuildPhase section */

/* Begin PBXSourcesBuildPhase section */
		56D7DFDC251C903400DD5B37 /* Sources */ = {
			isa = PBXSourcesBuildPhase;
			buildActionMask = 2147483647;
			files = (
				2F47BCF725222B62005AEE3C /* UserDefaultChecker.swift in Sources */,
				56D7E0A0251C9D5400DD5B37 /* HomeViewModel.swift in Sources */,
				56D7E07A251C9C1600DD5B37 /* RequestCancellationToken.swift in Sources */,
				569581372521C92D005EACA7 /* PositionFilterTableViewCell.swift in Sources */,
				5695812D2521C914005EACA7 /* ModeFilterTableViewCell.swift in Sources */,
				56D7E0E8251CC7AA00DD5B37 /* HomeCollectionViewCell.swift in Sources */,
				5686A2312520B77A00176D70 /* ProfileRepository.swift in Sources */,
				56AFCF8E25223DAB00CF2B4B /* HomeCellViewModel.swift in Sources */,
				56D7E08C251C9D1900DD5B37 /* RollerShutterViewController.swift in Sources */,
				56D7E139251DF9FF00DD5B37 /* DatabaseManager.swift in Sources */,
				56D7E0B2251C9D7E00DD5B37 /* RollerShutterViewModel.swift in Sources */,
				56D7E0B7251C9D8700DD5B37 /* HeaterViewModel.swift in Sources */,
				56D7DFE4251C903400DD5B37 /* AppDelegate.swift in Sources */,
				56D7E096251C9D2E00DD5B37 /* FiltersViewController.swift in Sources */,
				56D7E06D251C9BF000DD5B37 /* HTTPClient.swift in Sources */,
				56D7E09B251C9D3D00DD5B37 /* ProfileViewController.swift in Sources */,
				5686A2362520B7ED00176D70 /* ProductType.swift in Sources */,
				56D7E0F0251CEBC900DD5B37 /* HomeDataSource.swift in Sources */,
				56D7E075251C9BFF00DD5B37 /* HTTPEngine.swift in Sources */,
				56DA60BE25230C780005F7CE /* HeaterRepository.swift in Sources */,
				56DA60F72523C1340005F7CE /* UpdateProfileTableViewCell.swift in Sources */,
				56DA60B425230C5F0005F7CE /* LightRepository.swift in Sources */,
				56D7E038251C97B900DD5B37 /* Context.swift in Sources */,
				56D7E091251C9D2200DD5B37 /* HeaterViewController.swift in Sources */,
				56DA60FC2523C1E00005F7CE /* UpdateProfileCellViewModel.swift in Sources */,
				5614E96F251E210700B3CA27 /* DeviceItem.swift in Sources */,
				56D7E134251DF9F100DD5B37 /* DatabaseStack.swift in Sources */,
				56DA60E025237F140005F7CE /* UpdateProfileViewController.swift in Sources */,
				56DA60ED25237F2F0005F7CE /* UpdateProfileRepository.swift in Sources */,
				56D7E0A5251C9D5D00DD5B37 /* LightViewModel.swift in Sources */,
				56D7E05E251C9B4E00DD5B37 /* Screens.swift in Sources */,
				56DA60E825237F200005F7CE /* UpdateProfileViewModel.swift in Sources */,
				56D7E112251DC9F200DD5B37 /* HomeRepository.swift in Sources */,
				56D7E087251C9D0C00DD5B37 /* LightViewController.swift in Sources */,
				5695813C2521C94F005EACA7 /* TemperatureFilterTableViewCell.swift in Sources */,
				5695814B2521F5B8005EACA7 /* View+AutoLayoutAnchor.swift in Sources */,
				56DA60F22523C00D0005F7CE /* UpdateProfileDataSource.swift in Sources */,
				56437A3925247A5A00CD5C44 /* FiltersRepository.swift in Sources */,
				569581282521C8F9005EACA7 /* IntensityFilterTableViewCell.swift in Sources */,
				5686A23B2520B84300176D70 /* UserItem.swift in Sources */,
				56D7E124251DCFB900DD5B37 /* Alert.swift in Sources */,
				56D7E0BC251C9D9300DD5B37 /* FiltersViewModel.swift in Sources */,
				56D7E07F251C9CF700DD5B37 /* HomeViewController.swift in Sources */,
				56D7E0C1251C9D9B00DD5B37 /* ProfileViewModel.swift in Sources */,
				569581322521C921005EACA7 /* ProductTypeFilterTableViewCell.swift in Sources */,
				56D7E043251C97CD00DD5B37 /* AppCoordinator.swift in Sources */,
				56D7E066251C9B7300DD5B37 /* HomeCoordinator.swift in Sources */,
				56DA60B925230C6D0005F7CE /* RollerShutterRepository.swift in Sources */,
				56D7DFEE251C903400DD5B37 /* HomeConnect.xcdatamodeld in Sources */,
				56D7E118251DCAA100DD5B37 /* NetworkModel.swift in Sources */,
			);
			runOnlyForDeploymentPostprocessing = 0;
		};
		56D7DFF5251C903500DD5B37 /* Sources */ = {
			isa = PBXSourcesBuildPhase;
			buildActionMask = 2147483647;
			files = (
				564364712525A2A100905271 /* LightRepositoryTests.swift in Sources */,
				56D7E101251DC27700DD5B37 /* MockHTTPClient.swift in Sources */,
				56437A4A2524FB6600CD5C44 /* DataBaseManager.swift in Sources */,
				56437A7A2525250900CD5C44 /* MockHomeRepository.swift in Sources */,
				56437A762525216E00CD5C44 /* HomeRepositoryTests.swift in Sources */,
				5643646B2525A29300905271 /* LightViewModelTests.swift in Sources */,
				56437A422524FB1700CD5C44 /* MockDataBaseStack.swift in Sources */,
				56437A7025251EBD00CD5C44 /* HomeViewModelTest.swift in Sources */,
				564364752525A2B500905271 /* MockLightRepository.swift in Sources */,
			);
			runOnlyForDeploymentPostprocessing = 0;
		};
/* End PBXSourcesBuildPhase section */

/* Begin PBXTargetDependency section */
		56D7DFFB251C903500DD5B37 /* PBXTargetDependency */ = {
			isa = PBXTargetDependency;
			target = 56D7DFDF251C903400DD5B37 /* HomeConnect */;
			targetProxy = 56D7DFFA251C903500DD5B37 /* PBXContainerItemProxy */;
		};
/* End PBXTargetDependency section */

/* Begin PBXVariantGroup section */
		56D7DFF1251C903500DD5B37 /* LaunchScreen.storyboard */ = {
			isa = PBXVariantGroup;
			children = (
				56D7DFF2251C903500DD5B37 /* Base */,
			);
			name = LaunchScreen.storyboard;
			sourceTree = "<group>";
		};
/* End PBXVariantGroup section */

/* Begin XCBuildConfiguration section */
		56D7E00B251C903500DD5B37 /* Debug */ = {
			isa = XCBuildConfiguration;
			buildSettings = {
				ALWAYS_SEARCH_USER_PATHS = NO;
				CLANG_ANALYZER_NONNULL = YES;
				CLANG_ANALYZER_NUMBER_OBJECT_CONVERSION = YES_AGGRESSIVE;
				CLANG_CXX_LANGUAGE_STANDARD = "gnu++14";
				CLANG_CXX_LIBRARY = "libc++";
				CLANG_ENABLE_MODULES = YES;
				CLANG_ENABLE_OBJC_ARC = YES;
				CLANG_ENABLE_OBJC_WEAK = YES;
				CLANG_WARN_BLOCK_CAPTURE_AUTORELEASING = YES;
				CLANG_WARN_BOOL_CONVERSION = YES;
				CLANG_WARN_COMMA = YES;
				CLANG_WARN_CONSTANT_CONVERSION = YES;
				CLANG_WARN_DEPRECATED_OBJC_IMPLEMENTATIONS = YES;
				CLANG_WARN_DIRECT_OBJC_ISA_USAGE = YES_ERROR;
				CLANG_WARN_DOCUMENTATION_COMMENTS = YES;
				CLANG_WARN_EMPTY_BODY = YES;
				CLANG_WARN_ENUM_CONVERSION = YES;
				CLANG_WARN_INFINITE_RECURSION = YES;
				CLANG_WARN_INT_CONVERSION = YES;
				CLANG_WARN_NON_LITERAL_NULL_CONVERSION = YES;
				CLANG_WARN_OBJC_IMPLICIT_RETAIN_SELF = YES;
				CLANG_WARN_OBJC_LITERAL_CONVERSION = YES;
				CLANG_WARN_OBJC_ROOT_CLASS = YES_ERROR;
				CLANG_WARN_QUOTED_INCLUDE_IN_FRAMEWORK_HEADER = YES;
				CLANG_WARN_RANGE_LOOP_ANALYSIS = YES;
				CLANG_WARN_STRICT_PROTOTYPES = YES;
				CLANG_WARN_SUSPICIOUS_MOVE = YES;
				CLANG_WARN_UNGUARDED_AVAILABILITY = YES_AGGRESSIVE;
				CLANG_WARN_UNREACHABLE_CODE = YES;
				CLANG_WARN__DUPLICATE_METHOD_MATCH = YES;
				COPY_PHASE_STRIP = NO;
				DEBUG_INFORMATION_FORMAT = dwarf;
				ENABLE_STRICT_OBJC_MSGSEND = YES;
				ENABLE_TESTABILITY = YES;
				GCC_C_LANGUAGE_STANDARD = gnu11;
				GCC_DYNAMIC_NO_PIC = NO;
				GCC_NO_COMMON_BLOCKS = YES;
				GCC_OPTIMIZATION_LEVEL = 0;
				GCC_PREPROCESSOR_DEFINITIONS = (
					"DEBUG=1",
					"$(inherited)",
				);
				GCC_WARN_64_TO_32_BIT_CONVERSION = YES;
				GCC_WARN_ABOUT_RETURN_TYPE = YES_ERROR;
				GCC_WARN_UNDECLARED_SELECTOR = YES;
				GCC_WARN_UNINITIALIZED_AUTOS = YES_AGGRESSIVE;
				GCC_WARN_UNUSED_FUNCTION = YES;
				GCC_WARN_UNUSED_VARIABLE = YES;
				IPHONEOS_DEPLOYMENT_TARGET = 14.0;
				MTL_ENABLE_DEBUG_INFO = INCLUDE_SOURCE;
				MTL_FAST_MATH = YES;
				ONLY_ACTIVE_ARCH = YES;
				SDKROOT = iphoneos;
				SWIFT_ACTIVE_COMPILATION_CONDITIONS = DEBUG;
				SWIFT_OPTIMIZATION_LEVEL = "-Onone";
			};
			name = Debug;
		};
		56D7E00C251C903500DD5B37 /* Release */ = {
			isa = XCBuildConfiguration;
			buildSettings = {
				ALWAYS_SEARCH_USER_PATHS = NO;
				CLANG_ANALYZER_NONNULL = YES;
				CLANG_ANALYZER_NUMBER_OBJECT_CONVERSION = YES_AGGRESSIVE;
				CLANG_CXX_LANGUAGE_STANDARD = "gnu++14";
				CLANG_CXX_LIBRARY = "libc++";
				CLANG_ENABLE_MODULES = YES;
				CLANG_ENABLE_OBJC_ARC = YES;
				CLANG_ENABLE_OBJC_WEAK = YES;
				CLANG_WARN_BLOCK_CAPTURE_AUTORELEASING = YES;
				CLANG_WARN_BOOL_CONVERSION = YES;
				CLANG_WARN_COMMA = YES;
				CLANG_WARN_CONSTANT_CONVERSION = YES;
				CLANG_WARN_DEPRECATED_OBJC_IMPLEMENTATIONS = YES;
				CLANG_WARN_DIRECT_OBJC_ISA_USAGE = YES_ERROR;
				CLANG_WARN_DOCUMENTATION_COMMENTS = YES;
				CLANG_WARN_EMPTY_BODY = YES;
				CLANG_WARN_ENUM_CONVERSION = YES;
				CLANG_WARN_INFINITE_RECURSION = YES;
				CLANG_WARN_INT_CONVERSION = YES;
				CLANG_WARN_NON_LITERAL_NULL_CONVERSION = YES;
				CLANG_WARN_OBJC_IMPLICIT_RETAIN_SELF = YES;
				CLANG_WARN_OBJC_LITERAL_CONVERSION = YES;
				CLANG_WARN_OBJC_ROOT_CLASS = YES_ERROR;
				CLANG_WARN_QUOTED_INCLUDE_IN_FRAMEWORK_HEADER = YES;
				CLANG_WARN_RANGE_LOOP_ANALYSIS = YES;
				CLANG_WARN_STRICT_PROTOTYPES = YES;
				CLANG_WARN_SUSPICIOUS_MOVE = YES;
				CLANG_WARN_UNGUARDED_AVAILABILITY = YES_AGGRESSIVE;
				CLANG_WARN_UNREACHABLE_CODE = YES;
				CLANG_WARN__DUPLICATE_METHOD_MATCH = YES;
				COPY_PHASE_STRIP = NO;
				DEBUG_INFORMATION_FORMAT = "dwarf-with-dsym";
				ENABLE_NS_ASSERTIONS = NO;
				ENABLE_STRICT_OBJC_MSGSEND = YES;
				GCC_C_LANGUAGE_STANDARD = gnu11;
				GCC_NO_COMMON_BLOCKS = YES;
				GCC_WARN_64_TO_32_BIT_CONVERSION = YES;
				GCC_WARN_ABOUT_RETURN_TYPE = YES_ERROR;
				GCC_WARN_UNDECLARED_SELECTOR = YES;
				GCC_WARN_UNINITIALIZED_AUTOS = YES_AGGRESSIVE;
				GCC_WARN_UNUSED_FUNCTION = YES;
				GCC_WARN_UNUSED_VARIABLE = YES;
				IPHONEOS_DEPLOYMENT_TARGET = 14.0;
				MTL_ENABLE_DEBUG_INFO = NO;
				MTL_FAST_MATH = YES;
				SDKROOT = iphoneos;
				SWIFT_COMPILATION_MODE = wholemodule;
				SWIFT_OPTIMIZATION_LEVEL = "-O";
				VALIDATE_PRODUCT = YES;
			};
			name = Release;
		};
		56D7E00E251C903500DD5B37 /* Debug */ = {
			isa = XCBuildConfiguration;
			buildSettings = {
				ASSETCATALOG_COMPILER_APPICON_NAME = AppIcon;
				ASSETCATALOG_COMPILER_GLOBAL_ACCENT_COLOR_NAME = AccentColor;
				CODE_SIGN_STYLE = Automatic;
				DEVELOPMENT_TEAM = XYWPUALU4A;
				INFOPLIST_FILE = "$(SRCROOT)/HomeConnect/Ressources/Info.plist";
				IPHONEOS_DEPLOYMENT_TARGET = 13.5;
				LD_RUNPATH_SEARCH_PATHS = (
					"$(inherited)",
					"@executable_path/Frameworks",
				);
				PRODUCT_BUNDLE_IDENTIFIER = com.PaulineNomballais.HomeConnect;
				PRODUCT_NAME = "$(TARGET_NAME)";
				SWIFT_VERSION = 5.0;
				TARGETED_DEVICE_FAMILY = 1;
			};
			name = Debug;
		};
		56D7E00F251C903500DD5B37 /* Release */ = {
			isa = XCBuildConfiguration;
			buildSettings = {
				ASSETCATALOG_COMPILER_APPICON_NAME = AppIcon;
				ASSETCATALOG_COMPILER_GLOBAL_ACCENT_COLOR_NAME = AccentColor;
				CODE_SIGN_STYLE = Automatic;
				DEVELOPMENT_TEAM = XYWPUALU4A;
				INFOPLIST_FILE = "$(SRCROOT)/HomeConnect/Ressources/Info.plist";
				IPHONEOS_DEPLOYMENT_TARGET = 13.5;
				LD_RUNPATH_SEARCH_PATHS = (
					"$(inherited)",
					"@executable_path/Frameworks",
				);
				PRODUCT_BUNDLE_IDENTIFIER = com.PaulineNomballais.HomeConnect;
				PRODUCT_NAME = "$(TARGET_NAME)";
				SWIFT_VERSION = 5.0;
				TARGETED_DEVICE_FAMILY = 1;
			};
			name = Release;
		};
		56D7E011251C903500DD5B37 /* Debug */ = {
			isa = XCBuildConfiguration;
			buildSettings = {
				ALWAYS_EMBED_SWIFT_STANDARD_LIBRARIES = YES;
				BUNDLE_LOADER = "$(TEST_HOST)";
				CLANG_ENABLE_MODULES = YES;
				CODE_SIGN_STYLE = Automatic;
				DEVELOPMENT_TEAM = XYWPUALU4A;
				INFOPLIST_FILE = HomeConnectTests/Info.plist;
				IPHONEOS_DEPLOYMENT_TARGET = 14.0;
				LD_RUNPATH_SEARCH_PATHS = (
					"$(inherited)",
					"@executable_path/Frameworks",
					"@loader_path/Frameworks",
				);
				PRODUCT_BUNDLE_IDENTIFIER = com.PaulineNomballais.HomeConnectTests;
				PRODUCT_NAME = "$(TARGET_NAME)";
				SWIFT_OBJC_BRIDGING_HEADER = "HomeConnectTests/Network/HomeConnectTests-Bridging-Header.h";
				SWIFT_OPTIMIZATION_LEVEL = "-Onone";
				SWIFT_VERSION = 5.0;
				TARGETED_DEVICE_FAMILY = "1,2";
				TEST_HOST = "$(BUILT_PRODUCTS_DIR)/HomeConnect.app/HomeConnect";
			};
			name = Debug;
		};
		56D7E012251C903500DD5B37 /* Release */ = {
			isa = XCBuildConfiguration;
			buildSettings = {
				ALWAYS_EMBED_SWIFT_STANDARD_LIBRARIES = YES;
				BUNDLE_LOADER = "$(TEST_HOST)";
				CLANG_ENABLE_MODULES = YES;
				CODE_SIGN_STYLE = Automatic;
				DEVELOPMENT_TEAM = XYWPUALU4A;
				INFOPLIST_FILE = HomeConnectTests/Info.plist;
				IPHONEOS_DEPLOYMENT_TARGET = 14.0;
				LD_RUNPATH_SEARCH_PATHS = (
					"$(inherited)",
					"@executable_path/Frameworks",
					"@loader_path/Frameworks",
				);
				PRODUCT_BUNDLE_IDENTIFIER = com.PaulineNomballais.HomeConnectTests;
				PRODUCT_NAME = "$(TARGET_NAME)";
				SWIFT_OBJC_BRIDGING_HEADER = "HomeConnectTests/Network/HomeConnectTests-Bridging-Header.h";
				SWIFT_VERSION = 5.0;
				TARGETED_DEVICE_FAMILY = "1,2";
				TEST_HOST = "$(BUILT_PRODUCTS_DIR)/HomeConnect.app/HomeConnect";
			};
			name = Release;
		};
/* End XCBuildConfiguration section */

/* Begin XCConfigurationList section */
		56D7DFDB251C903400DD5B37 /* Build configuration list for PBXProject "HomeConnect" */ = {
			isa = XCConfigurationList;
			buildConfigurations = (
				56D7E00B251C903500DD5B37 /* Debug */,
				56D7E00C251C903500DD5B37 /* Release */,
			);
			defaultConfigurationIsVisible = 0;
			defaultConfigurationName = Release;
		};
		56D7E00D251C903500DD5B37 /* Build configuration list for PBXNativeTarget "HomeConnect" */ = {
			isa = XCConfigurationList;
			buildConfigurations = (
				56D7E00E251C903500DD5B37 /* Debug */,
				56D7E00F251C903500DD5B37 /* Release */,
			);
			defaultConfigurationIsVisible = 0;
			defaultConfigurationName = Release;
		};
		56D7E010251C903500DD5B37 /* Build configuration list for PBXNativeTarget "HomeConnectTests" */ = {
			isa = XCConfigurationList;
			buildConfigurations = (
				56D7E011251C903500DD5B37 /* Debug */,
				56D7E012251C903500DD5B37 /* Release */,
			);
			defaultConfigurationIsVisible = 0;
			defaultConfigurationName = Release;
		};
/* End XCConfigurationList section */

/* Begin XCVersionGroup section */
		56D7DFEC251C903400DD5B37 /* HomeConnect.xcdatamodeld */ = {
			isa = XCVersionGroup;
			children = (
				56D7DFED251C903400DD5B37 /* HomeConnect.xcdatamodel */,
			);
			currentVersion = 56D7DFED251C903400DD5B37 /* HomeConnect.xcdatamodel */;
			path = HomeConnect.xcdatamodeld;
			sourceTree = "<group>";
			versionGroupType = wrapper.xcdatamodel;
		};
/* End XCVersionGroup section */
	};
	rootObject = 56D7DFD8251C903400DD5B37 /* Project object */;
}
